
Microsoft Visual Studio Solution File, Format Version 12.00
# Visual Studio 2012
Project("{FAE04EC0-301F-11D3-BF4B-00C04F79EFBC}") = "NevermindDreams.Patterns.Specification", "NevermindDreams.Patterns.Specification.csproj", "{1C1C64C4-670B-4AD2-8C7B-B6B0A7D4A811}"
EndProject
Project("{FAE04EC0-301F-11D3-BF4B-00C04F79EFBC}") = "NevermindDreams.Patterns.Specification.Tests.Unit", "..\NevermindDreams.Patterns.Specification.Tests.Unit\NevermindDreams.Patterns.Specification.Tests.Unit.csproj", "{0A3476B4-7450-4967-96EF-6A0227F32F4B}"
EndProject
Global
	GlobalSection(SolutionConfigurationPlatforms) = preSolution
		Debug|Any CPU = Debug|Any CPU
		Release|Any CPU = Release|Any CPU
	EndGlobalSection
	GlobalSection(ProjectConfigurationPlatforms) = postSolution
		{1C1C64C4-670B-4AD2-8C7B-B6B0A7D4A811}.Debug|Any CPU.ActiveCfg = Debug|Any CPU
		{1C1C64C4-670B-4AD2-8C7B-B6B0A7D4A811}.Debug|Any CPU.Build.0 = Debug|Any CPU
		{1C1C64C4-670B-4AD2-8C7B-B6B0A7D4A811}.Release|Any CPU.ActiveCfg = Release|Any CPU
		{1C1C64C4-670B-4AD2-8C7B-B6B0A7D4A811}.Release|Any CPU.Build.0 = Release|Any CPU
		{0A3476B4-7450-4967-96EF-6A0227F32F4B}.Debug|Any CPU.ActiveCfg = Debug|Any CPU
		{0A3476B4-7450-4967-96EF-6A0227F32F4B}.Debug|Any CPU.Build.0 = Debug|Any CPU
		{0A3476B4-7450-4967-96EF-6A0227F32F4B}.Release|Any CPU.ActiveCfg = Release|Any CPU
		{0A3476B4-7450-4967-96EF-6A0227F32F4B}.Release|Any CPU.Build.0 = Release|Any CPU
	EndGlobalSection
	GlobalSection(SolutionProperties) = preSolution
		HideSolutionNode = FALSE
	EndGlobalSection
EndGlobal
